
Microsoft Visual Studio Solution File, Format Version 12.00
# Visual Studio 15
VisualStudioVersion = 15.0.28010.2003
MinimumVisualStudioVersion = 10.0.40219.1
Project("{9A19103F-16F7-4668-BE54-9A1E7A4F7556}") = "Counter.Web", "Counter.Web\Counter.Web.csproj", "{FE8AECDC-4581-4D2C-B213-2AA236B7BE68}"
EndProject
Global
	GlobalSection(SolutionConfigurationPlatforms) = preSolution
		Debug|Any CPU = Debug|Any CPU
		Release|Any CPU = Release|Any CPU
	EndGlobalSection
	GlobalSection(ProjectConfigurationPlatforms) = postSolution
		{FE8AECDC-4581-4D2C-B213-2AA236B7BE68}.Debug|Any CPU.ActiveCfg = Debug|Any CPU
		{FE8AECDC-4581-4D2C-B213-2AA236B7BE68}.Debug|Any CPU.Build.0 = Debug|Any CPU
		{FE8AECDC-4581-4D2C-B213-2AA236B7BE68}.Release|Any CPU.ActiveCfg = Release|Any CPU
		{FE8AECDC-4581-4D2C-B213-2AA236B7BE68}.Release|Any CPU.Build.0 = Release|Any CPU
	EndGlobalSection
	GlobalSection(SolutionProperties) = preSolution
		HideSolutionNode = FALSE
	EndGlobalSection
	GlobalSection(ExtensibilityGlobals) = postSolution
		EnterpriseLibraryConfigurationToolBinariesPath = packages\Unity.2.1.505.2\lib\NET35;packages\Unity.Interception.2.1.505.2\lib\NET35;packages\EnterpriseLibrary.Common.5.0.505.0\lib\NET35;packages\EnterpriseLibrary.Data.5.0.505.0\lib\NET35
		SolutionGuid = {06B91B0E-611C-4F44-A6A3-A52CC93F77B3}
	EndGlobalSection
EndGlobal
